
Microsoft Visual Studio Solution File, Format Version 12.00
# Visual Studio Version 17
VisualStudioVersion = 17.5.33424.131
MinimumVisualStudioVersion = 10.0.40219.1
Project("{9A19103F-16F7-4668-BE54-9A1E7A4F7556}") = "AcmeCorpS", "AcmeCorpS\AcmeCorpS.csproj", "{D6F90ACD-0EC7-4518-95E3-6206C5E566E4}"
EndProject
Project("{FAE04EC0-301F-11D3-BF4B-00C04F79EFBC}") = "Tests", "Tests\Tests.csproj", "{A84B09D3-B463-49D3-BA8F-2D619F64C858}"
EndProject
Global
	GlobalSection(SolutionConfigurationPlatforms) = preSolution
		Debug|Any CPU = Debug|Any CPU
		Release|Any CPU = Release|Any CPU
	EndGlobalSection
	GlobalSection(ProjectConfigurationPlatforms) = postSolution
		{D6F90ACD-0EC7-4518-95E3-6206C5E566E4}.Debug|Any CPU.ActiveCfg = Debug|Any CPU
		{D6F90ACD-0EC7-4518-95E3-6206C5E566E4}.Debug|Any CPU.Build.0 = Debug|Any CPU
		{D6F90ACD-0EC7-4518-95E3-6206C5E566E4}.Release|Any CPU.ActiveCfg = Release|Any CPU
		{D6F90ACD-0EC7-4518-95E3-6206C5E566E4}.Release|Any CPU.Build.0 = Release|Any CPU
		{A84B09D3-B463-49D3-BA8F-2D619F64C858}.Debug|Any CPU.ActiveCfg = Debug|Any CPU
		{A84B09D3-B463-49D3-BA8F-2D619F64C858}.Debug|Any CPU.Build.0 = Debug|Any CPU
		{A84B09D3-B463-49D3-BA8F-2D619F64C858}.Release|Any CPU.ActiveCfg = Release|Any CPU
		{A84B09D3-B463-49D3-BA8F-2D619F64C858}.Release|Any CPU.Build.0 = Release|Any CPU
	EndGlobalSection
	GlobalSection(SolutionProperties) = preSolution
		HideSolutionNode = FALSE
	EndGlobalSection
	GlobalSection(ExtensibilityGlobals) = postSolution
		SolutionGuid = {7B4A44F7-8E9A-454A-AFB4-019D5CDD9E40}
	EndGlobalSection
EndGlobal
